
Microsoft Visual Studio Solution File, Format Version 12.00
# Visual Studio Version 17
VisualStudioVersion = 17.13.35716.79 d17.13
MinimumVisualStudioVersion = 10.0.40219.1
Project("{FAE04EC0-301F-11D3-BF4B-00C04F79EFBC}") = "FinalChallengeCodeFirst", "FinalChallengeCodeFirst\FinalChallengeCodeFirst.csproj", "{2AE8CC8E-08F5-404D-84D9-A261A1010F3A}"
EndProject
Global
	GlobalSection(SolutionConfigurationPlatforms) = preSolution
		Debug|Any CPU = Debug|Any CPU
		Release|Any CPU = Release|Any CPU
	EndGlobalSection
	GlobalSection(ProjectConfigurationPlatforms) = postSolution
		{2AE8CC8E-08F5-404D-84D9-A261A1010F3A}.Debug|Any CPU.ActiveCfg = Debug|Any CPU
		{2AE8CC8E-08F5-404D-84D9-A261A1010F3A}.Debug|Any CPU.Build.0 = Debug|Any CPU
		{2AE8CC8E-08F5-404D-84D9-A261A1010F3A}.Release|Any CPU.ActiveCfg = Release|Any CPU
		{2AE8CC8E-08F5-404D-84D9-A261A1010F3A}.Release|Any CPU.Build.0 = Release|Any CPU
	EndGlobalSection
	GlobalSection(SolutionProperties) = preSolution
		HideSolutionNode = FALSE
	EndGlobalSection
	GlobalSection(ExtensibilityGlobals) = postSolution
		SolutionGuid = {3C35E1FA-CEC9-4413-8495-8F8DF98C84C7}
	EndGlobalSection
EndGlobal
